// !$*UTF8*$!
{
	archiveVersion = 1;
	classes = {
	};
	objectVersion = 46;
	objects = {

/* Begin PBXBuildFile section */
		2D0FE75F1932FF36001CCCF0 /* CalculationDetailViewController.m in Sources */ = {isa = PBXBuildFile; fileRef = 2D0FE75D1932FF36001CCCF0 /* CalculationDetailViewController.m */; };
		2D22460A192EA5F500865C2B /* Foundation.framework in Frameworks */ = {isa = PBXBuildFile; fileRef = 2D224609192EA5F500865C2B /* Foundation.framework */; };
		2D22460C192EA5F500865C2B /* CoreGraphics.framework in Frameworks */ = {isa = PBXBuildFile; fileRef = 2D22460B192EA5F500865C2B /* CoreGraphics.framework */; };
		2D22460E192EA5F500865C2B /* UIKit.framework in Frameworks */ = {isa = PBXBuildFile; fileRef = 2D22460D192EA5F500865C2B /* UIKit.framework */; };
		2D224614192EA5F500865C2B /* InfoPlist.strings in Resources */ = {isa = PBXBuildFile; fileRef = 2D224612192EA5F500865C2B /* InfoPlist.strings */; };
		2D224616192EA5F500865C2B /* main.m in Sources */ = {isa = PBXBuildFile; fileRef = 2D224615192EA5F500865C2B /* main.m */; };
		2D22461A192EA5F500865C2B /* AppDelegate.m in Sources */ = {isa = PBXBuildFile; fileRef = 2D224619192EA5F500865C2B /* AppDelegate.m */; };
		2D22461C192EA5F500865C2B /* Images.xcassets in Resources */ = {isa = PBXBuildFile; fileRef = 2D22461B192EA5F500865C2B /* Images.xcassets */; };
		2D224623192EA5F500865C2B /* XCTest.framework in Frameworks */ = {isa = PBXBuildFile; fileRef = 2D224622192EA5F500865C2B /* XCTest.framework */; };
		2D224624192EA5F500865C2B /* Foundation.framework in Frameworks */ = {isa = PBXBuildFile; fileRef = 2D224609192EA5F500865C2B /* Foundation.framework */; };
		2D224625192EA5F500865C2B /* UIKit.framework in Frameworks */ = {isa = PBXBuildFile; fileRef = 2D22460D192EA5F500865C2B /* UIKit.framework */; };
		2D22462D192EA5F500865C2B /* InfoPlist.strings in Resources */ = {isa = PBXBuildFile; fileRef = 2D22462B192EA5F500865C2B /* InfoPlist.strings */; };
		2D22462F192EA5F500865C2B /* Mobile_Anchor_Capacity_SystemTests.m in Sources */ = {isa = PBXBuildFile; fileRef = 2D22462E192EA5F500865C2B /* Mobile_Anchor_Capacity_SystemTests.m */; };
		2D22463F192EBFC600865C2B /* Soil.m in Sources */ = {isa = PBXBuildFile; fileRef = 2D22463E192EBFC600865C2B /* Soil.m */; };
		2D224642192EC14000865C2B /* Vehicle.m in Sources */ = {isa = PBXBuildFile; fileRef = 2D224641192EC14000865C2B /* Vehicle.m */; };
		2D224645192EC2E100865C2B /* Calculation.m in Sources */ = {isa = PBXBuildFile; fileRef = 2D224644192EC2E100865C2B /* Calculation.m */; };
		2D54F657195CBCCA005C9B76 /* moment_basic.png in Resources */ = {isa = PBXBuildFile; fileRef = 2D54F656195CBCCA005C9B76 /* moment_basic.png */; };
		2D54F669195CE3FF005C9B76 /* MACSLoad@2x.png in Resources */ = {isa = PBXBuildFile; fileRef = 2D54F668195CE3FF005C9B76 /* MACSLoad@2x.png */; };
		2D5592A919874A3500975C9D /* VehicleCreatorViewController.m in Sources */ = {isa = PBXBuildFile; fileRef = 2D5592A719874A3500975C9D /* VehicleCreatorViewController.m */; };
		2D5592AA19874A3500975C9D /* VehicleCreatorViewController.xib in Resources */ = {isa = PBXBuildFile; fileRef = 2D5592A819874A3500975C9D /* VehicleCreatorViewController.xib */; };
		2D7AC800195B9B8E00755FEA /* CalculationDetailView.xib in Resources */ = {isa = PBXBuildFile; fileRef = 2D7AC7FF195B9B8E00755FEA /* CalculationDetailView.xib */; };
		2DB02AD11971FEDC0011B577 /* SoilCreatorView.xib in Resources */ = {isa = PBXBuildFile; fileRef = 2DB02AD01971FEDC0011B577 /* SoilCreatorView.xib */; };
		2DB1795F195A1FB100F7DDFD /* SoilCreatorViewController.m in Sources */ = {isa = PBXBuildFile; fileRef = 2DB1795D195A1FB100F7DDFD /* SoilCreatorViewController.m */; };
		2DC37EE519311E28001AC4DF /* HeaderView.xib in Resources */ = {isa = PBXBuildFile; fileRef = 2DC37EE419311E28001AC4DF /* HeaderView.xib */; };
		2DD63CF019302B5200C27F12 /* ItemsViewController.m in Sources */ = {isa = PBXBuildFile; fileRef = 2DD63CEF19302B5200C27F12 /* ItemsViewController.m */; };
		2DD63CF319302D8200C27F12 /* CalculationItemStore.m in Sources */ = {isa = PBXBuildFile; fileRef = 2DD63CF219302D8200C27F12 /* CalculationItemStore.m */; };
/* End PBXBuildFile section */

/* Begin PBXContainerItemProxy section */
		2D224626192EA5F500865C2B /* PBXContainerItemProxy */ = {
			isa = PBXContainerItemProxy;
			containerPortal = 2D2245FE192EA5F500865C2B /* Project object */;
			proxyType = 1;
			remoteGlobalIDString = 2D224605192EA5F500865C2B;
			remoteInfo = "Mobile Anchor Capacity System";
		};
/* End PBXContainerItemProxy section */

/* Begin PBXFileReference section */
		2D0FE75C1932FF36001CCCF0 /* CalculationDetailViewController.h */ = {isa = PBXFileReference; fileEncoding = 4; lastKnownFileType = sourcecode.c.h; path = CalculationDetailViewController.h; sourceTree = "<group>"; };
		2D0FE75D1932FF36001CCCF0 /* CalculationDetailViewController.m */ = {isa = PBXFileReference; fileEncoding = 4; lastKnownFileType = sourcecode.c.objc; path = CalculationDetailViewController.m; sourceTree = "<group>"; };
		2D224606192EA5F500865C2B /* Mobile Anchor Capacity System.app */ = {isa = PBXFileReference; explicitFileType = wrapper.application; includeInIndex = 0; path = "Mobile Anchor Capacity System.app"; sourceTree = BUILT_PRODUCTS_DIR; };
		2D224609192EA5F500865C2B /* Foundation.framework */ = {isa = PBXFileReference; lastKnownFileType = wrapper.framework; name = Foundation.framework; path = System/Library/Frameworks/Foundation.framework; sourceTree = SDKROOT; };
		2D22460B192EA5F500865C2B /* CoreGraphics.framework */ = {isa = PBXFileReference; lastKnownFileType = wrapper.framework; name = CoreGraphics.framework; path = System/Library/Frameworks/CoreGraphics.framework; sourceTree = SDKROOT; };
		2D22460D192EA5F500865C2B /* UIKit.framework */ = {isa = PBXFileReference; lastKnownFileType = wrapper.framework; name = UIKit.framework; path = System/Library/Frameworks/UIKit.framework; sourceTree = SDKROOT; };
		2D224611192EA5F500865C2B /* Mobile Anchor Capacity System-Info.plist */ = {isa = PBXFileReference; lastKnownFileType = text.plist.xml; path = "Mobile Anchor Capacity System-Info.plist"; sourceTree = "<group>"; };
		2D224613192EA5F500865C2B /* en */ = {isa = PBXFileReference; lastKnownFileType = text.plist.strings; name = en; path = en.lproj/InfoPlist.strings; sourceTree = "<group>"; };
		2D224615192EA5F500865C2B /* main.m */ = {isa = PBXFileReference; lastKnownFileType = sourcecode.c.objc; path = main.m; sourceTree = "<group>"; };
		2D224617192EA5F500865C2B /* Mobile Anchor Capacity System-Prefix.pch */ = {isa = PBXFileReference; lastKnownFileType = sourcecode.c.h; path = "Mobile Anchor Capacity System-Prefix.pch"; sourceTree = "<group>"; };
		2D224618192EA5F500865C2B /* AppDelegate.h */ = {isa = PBXFileReference; lastKnownFileType = sourcecode.c.h; path = AppDelegate.h; sourceTree = "<group>"; };
		2D224619192EA5F500865C2B /* AppDelegate.m */ = {isa = PBXFileReference; lastKnownFileType = sourcecode.c.objc; path = AppDelegate.m; sourceTree = "<group>"; };
		2D22461B192EA5F500865C2B /* Images.xcassets */ = {isa = PBXFileReference; lastKnownFileType = folder.assetcatalog; path = Images.xcassets; sourceTree = "<group>"; };
		2D224621192EA5F500865C2B /* Mobile Anchor Capacity SystemTests.xctest */ = {isa = PBXFileReference; explicitFileType = wrapper.cfbundle; includeInIndex = 0; path = "Mobile Anchor Capacity SystemTests.xctest"; sourceTree = BUILT_PRODUCTS_DIR; };
		2D224622192EA5F500865C2B /* XCTest.framework */ = {isa = PBXFileReference; lastKnownFileType = wrapper.framework; name = XCTest.framework; path = Library/Frameworks/XCTest.framework; sourceTree = DEVELOPER_DIR; };
		2D22462A192EA5F500865C2B /* Mobile Anchor Capacity SystemTests-Info.plist */ = {isa = PBXFileReference; lastKnownFileType = text.plist.xml; path = "Mobile Anchor Capacity SystemTests-Info.plist"; sourceTree = "<group>"; };
		2D22462C192EA5F500865C2B /* en */ = {isa = PBXFileReference; lastKnownFileType = text.plist.strings; name = en; path = en.lproj/InfoPlist.strings; sourceTree = "<group>"; };
		2D22462E192EA5F500865C2B /* Mobile_Anchor_Capacity_SystemTests.m */ = {isa = PBXFileReference; lastKnownFileType = sourcecode.c.objc; path = Mobile_Anchor_Capacity_SystemTests.m; sourceTree = "<group>"; };
		2D22463D192EBFC600865C2B /* Soil.h */ = {isa = PBXFileReference; fileEncoding = 4; lastKnownFileType = sourcecode.c.h; path = Soil.h; sourceTree = "<group>"; };
		2D22463E192EBFC600865C2B /* Soil.m */ = {isa = PBXFileReference; fileEncoding = 4; lastKnownFileType = sourcecode.c.objc; path = Soil.m; sourceTree = "<group>"; };
		2D224640192EC14000865C2B /* Vehicle.h */ = {isa = PBXFileReference; fileEncoding = 4; lastKnownFileType = sourcecode.c.h; path = Vehicle.h; sourceTree = "<group>"; };
		2D224641192EC14000865C2B /* Vehicle.m */ = {isa = PBXFileReference; fileEncoding = 4; lastKnownFileType = sourcecode.c.objc; path = Vehicle.m; sourceTree = "<group>"; };
		2D224643192EC2E100865C2B /* Calculation.h */ = {isa = PBXFileReference; fileEncoding = 4; lastKnownFileType = sourcecode.c.h; path = Calculation.h; sourceTree = "<group>"; };
		2D224644192EC2E100865C2B /* Calculation.m */ = {isa = PBXFileReference; fileEncoding = 4; lastKnownFileType = sourcecode.c.objc; path = Calculation.m; sourceTree = "<group>"; };
		2D54F656195CBCCA005C9B76 /* moment_basic.png */ = {isa = PBXFileReference; lastKnownFileType = image.png; path = moment_basic.png; sourceTree = "<group>"; };
		2D54F668195CE3FF005C9B76 /* MACSLoad@2x.png */ = {isa = PBXFileReference; lastKnownFileType = image.png; path = "MACSLoad@2x.png"; sourceTree = "<group>"; };
		2D5592A619874A3500975C9D /* VehicleCreatorViewController.h */ = {isa = PBXFileReference; fileEncoding = 4; lastKnownFileType = sourcecode.c.h; path = VehicleCreatorViewController.h; sourceTree = "<group>"; };
		2D5592A719874A3500975C9D /* VehicleCreatorViewController.m */ = {isa = PBXFileReference; fileEncoding = 4; lastKnownFileType = sourcecode.c.objc; path = VehicleCreatorViewController.m; sourceTree = "<group>"; };
		2D5592A819874A3500975C9D /* VehicleCreatorViewController.xib */ = {isa = PBXFileReference; fileEncoding = 4; lastKnownFileType = file.xib; path = VehicleCreatorViewController.xib; sourceTree = "<group>"; };
		2D7AC7FF195B9B8E00755FEA /* CalculationDetailView.xib */ = {isa = PBXFileReference; fileEncoding = 4; lastKnownFileType = file.xib; path = CalculationDetailView.xib; sourceTree = "<group>"; };
		2DB02AD01971FEDC0011B577 /* SoilCreatorView.xib */ = {isa = PBXFileReference; fileEncoding = 4; lastKnownFileType = file.xib; name = SoilCreatorView.xib; path = ../SoilCreatorView.xib; sourceTree = "<group>"; };
		2DB1795C195A1FB100F7DDFD /* SoilCreatorViewController.h */ = {isa = PBXFileReference; fileEncoding = 4; lastKnownFileType = sourcecode.c.h; path = SoilCreatorViewController.h; sourceTree = "<group>"; };
		2DB1795D195A1FB100F7DDFD /* SoilCreatorViewController.m */ = {isa = PBXFileReference; fileEncoding = 4; lastKnownFileType = sourcecode.c.objc; path = SoilCreatorViewController.m; sourceTree = "<group>"; };
		2DC37EE419311E28001AC4DF /* HeaderView.xib */ = {isa = PBXFileReference; fileEncoding = 4; lastKnownFileType = file.xib; path = HeaderView.xib; sourceTree = "<group>"; };
		2DD63CEE19302B5200C27F12 /* ItemsViewController.h */ = {isa = PBXFileReference; fileEncoding = 4; lastKnownFileType = sourcecode.c.h; path = ItemsViewController.h; sourceTree = "<group>"; };
		2DD63CEF19302B5200C27F12 /* ItemsViewController.m */ = {isa = PBXFileReference; fileEncoding = 4; lastKnownFileType = sourcecode.c.objc; path = ItemsViewController.m; sourceTree = "<group>"; };
		2DD63CF119302D8200C27F12 /* CalculationItemStore.h */ = {isa = PBXFileReference; fileEncoding = 4; lastKnownFileType = sourcecode.c.h; path = CalculationItemStore.h; sourceTree = "<group>"; };
		2DD63CF219302D8200C27F12 /* CalculationItemStore.m */ = {isa = PBXFileReference; fileEncoding = 4; lastKnownFileType = sourcecode.c.objc; path = CalculationItemStore.m; sourceTree = "<group>"; };
/* End PBXFileReference section */

/* Begin PBXFrameworksBuildPhase section */
		2D224603192EA5F500865C2B /* Frameworks */ = {
			isa = PBXFrameworksBuildPhase;
			buildActionMask = 2147483647;
			files = (
				2D22460C192EA5F500865C2B /* CoreGraphics.framework in Frameworks */,
				2D22460E192EA5F500865C2B /* UIKit.framework in Frameworks */,
				2D22460A192EA5F500865C2B /* Foundation.framework in Frameworks */,
			);
			runOnlyForDeploymentPostprocessing = 0;
		};
		2D22461E192EA5F500865C2B /* Frameworks */ = {
			isa = PBXFrameworksBuildPhase;
			buildActionMask = 2147483647;
			files = (
				2D224623192EA5F500865C2B /* XCTest.framework in Frameworks */,
				2D224625192EA5F500865C2B /* UIKit.framework in Frameworks */,
				2D224624192EA5F500865C2B /* Foundation.framework in Frameworks */,
			);
			runOnlyForDeploymentPostprocessing = 0;
		};
/* End PBXFrameworksBuildPhase section */

/* Begin PBXGroup section */
		2D2245FD192EA5F500865C2B = {
			isa = PBXGroup;
			children = (
				2D22460F192EA5F500865C2B /* Mobile Anchor Capacity System */,
				2D224628192EA5F500865C2B /* Mobile Anchor Capacity SystemTests */,
				2D224608192EA5F500865C2B /* Frameworks */,
				2D224607192EA5F500865C2B /* Products */,
			);
			sourceTree = "<group>";
		};
		2D224607192EA5F500865C2B /* Products */ = {
			isa = PBXGroup;
			children = (
				2D224606192EA5F500865C2B /* Mobile Anchor Capacity System.app */,
				2D224621192EA5F500865C2B /* Mobile Anchor Capacity SystemTests.xctest */,
			);
			name = Products;
			sourceTree = "<group>";
		};
		2D224608192EA5F500865C2B /* Frameworks */ = {
			isa = PBXGroup;
			children = (
				2D224609192EA5F500865C2B /* Foundation.framework */,
				2D22460B192EA5F500865C2B /* CoreGraphics.framework */,
				2D22460D192EA5F500865C2B /* UIKit.framework */,
				2D224622192EA5F500865C2B /* XCTest.framework */,
			);
			name = Frameworks;
			sourceTree = "<group>";
		};
		2D22460F192EA5F500865C2B /* Mobile Anchor Capacity System */ = {
			isa = PBXGroup;
			children = (
				2D224618192EA5F500865C2B /* AppDelegate.h */,
				2D224619192EA5F500865C2B /* AppDelegate.m */,
				2D22461B192EA5F500865C2B /* Images.xcassets */,
				2D224610192EA5F500865C2B /* Supporting Files */,
				2D22463D192EBFC600865C2B /* Soil.h */,
				2D22463E192EBFC600865C2B /* Soil.m */,
				2D224640192EC14000865C2B /* Vehicle.h */,
				2D224641192EC14000865C2B /* Vehicle.m */,
				2D224643192EC2E100865C2B /* Calculation.h */,
				2D224644192EC2E100865C2B /* Calculation.m */,
				2DD63CEE19302B5200C27F12 /* ItemsViewController.h */,
				2DD63CEF19302B5200C27F12 /* ItemsViewController.m */,
				2DC37EE419311E28001AC4DF /* HeaderView.xib */,
				2DD63CF119302D8200C27F12 /* CalculationItemStore.h */,
				2DD63CF219302D8200C27F12 /* CalculationItemStore.m */,
				2D0FE75C1932FF36001CCCF0 /* CalculationDetailViewController.h */,
				2D0FE75D1932FF36001CCCF0 /* CalculationDetailViewController.m */,
				2D7AC7FF195B9B8E00755FEA /* CalculationDetailView.xib */,
				2DB1795C195A1FB100F7DDFD /* SoilCreatorViewController.h */,
				2DB1795D195A1FB100F7DDFD /* SoilCreatorViewController.m */,
				2D5592A619874A3500975C9D /* VehicleCreatorViewController.h */,
				2D5592A719874A3500975C9D /* VehicleCreatorViewController.m */,
				2D5592A819874A3500975C9D /* VehicleCreatorViewController.xib */,
				2DB02AD01971FEDC0011B577 /* SoilCreatorView.xib */,
				2D54F668195CE3FF005C9B76 /* MACSLoad@2x.png */,
				2D54F656195CBCCA005C9B76 /* moment_basic.png */,
			);
			path = "Mobile Anchor Capacity System";
			sourceTree = "<group>";
		};
		2D224610192EA5F500865C2B /* Supporting Files */ = {
			isa = PBXGroup;
			children = (
				2D224611192EA5F500865C2B /* Mobile Anchor Capacity System-Info.plist */,
				2D224612192EA5F500865C2B /* InfoPlist.strings */,
				2D224615192EA5F500865C2B /* main.m */,
				2D224617192EA5F500865C2B /* Mobile Anchor Capacity System-Prefix.pch */,
			);
			name = "Supporting Files";
			sourceTree = "<group>";
		};
		2D224628192EA5F500865C2B /* Mobile Anchor Capacity SystemTests */ = {
			isa = PBXGroup;
			children = (
				2D22462E192EA5F500865C2B /* Mobile_Anchor_Capacity_SystemTests.m */,
				2D224629192EA5F500865C2B /* Supporting Files */,
			);
			path = "Mobile Anchor Capacity SystemTests";
			sourceTree = "<group>";
		};
		2D224629192EA5F500865C2B /* Supporting Files */ = {
			isa = PBXGroup;
			children = (
				2D22462A192EA5F500865C2B /* Mobile Anchor Capacity SystemTests-Info.plist */,
				2D22462B192EA5F500865C2B /* InfoPlist.strings */,
			);
			name = "Supporting Files";
			sourceTree = "<group>";
		};
/* End PBXGroup section */

/* Begin PBXNativeTarget section */
		2D224605192EA5F500865C2B /* Mobile Anchor Capacity System */ = {
			isa = PBXNativeTarget;
			buildConfigurationList = 2D224632192EA5F500865C2B /* Build configuration list for PBXNativeTarget "Mobile Anchor Capacity System" */;
			buildPhases = (
				2D224602192EA5F500865C2B /* Sources */,
				2D224603192EA5F500865C2B /* Frameworks */,
				2D224604192EA5F500865C2B /* Resources */,
			);
			buildRules = (
			);
			dependencies = (
			);
			name = "Mobile Anchor Capacity System";
			productName = "Mobile Anchor Capacity System";
			productReference = 2D224606192EA5F500865C2B /* Mobile Anchor Capacity System.app */;
			productType = "com.apple.product-type.application";
		};
		2D224620192EA5F500865C2B /* Mobile Anchor Capacity SystemTests */ = {
			isa = PBXNativeTarget;
			buildConfigurationList = 2D224635192EA5F500865C2B /* Build configuration list for PBXNativeTarget "Mobile Anchor Capacity SystemTests" */;
			buildPhases = (
				2D22461D192EA5F500865C2B /* Sources */,
				2D22461E192EA5F500865C2B /* Frameworks */,
				2D22461F192EA5F500865C2B /* Resources */,
			);
			buildRules = (
			);
			dependencies = (
				2D224627192EA5F500865C2B /* PBXTargetDependency */,
			);
			name = "Mobile Anchor Capacity SystemTests";
			productName = "Mobile Anchor Capacity SystemTests";
			productReference = 2D224621192EA5F500865C2B /* Mobile Anchor Capacity SystemTests.xctest */;
			productType = "com.apple.product-type.bundle.unit-test";
		};
/* End PBXNativeTarget section */

/* Begin PBXProject section */
		2D2245FE192EA5F500865C2B /* Project object */ = {
			isa = PBXProject;
			attributes = {
				LastUpgradeCheck = 0510;
				ORGANIZATIONNAME = VanR;
				TargetAttributes = {
					2D224620192EA5F500865C2B = {
						TestTargetID = 2D224605192EA5F500865C2B;
					};
				};
			};
			buildConfigurationList = 2D224601192EA5F500865C2B /* Build configuration list for PBXProject "Mobile Anchor Capacity System" */;
			compatibilityVersion = "Xcode 3.2";
			developmentRegion = English;
			hasScannedForEncodings = 0;
			knownRegions = (
				en,
			);
			mainGroup = 2D2245FD192EA5F500865C2B;
			productRefGroup = 2D224607192EA5F500865C2B /* Products */;
			projectDirPath = "";
			projectRoot = "";
			targets = (
				2D224605192EA5F500865C2B /* Mobile Anchor Capacity System */,
				2D224620192EA5F500865C2B /* Mobile Anchor Capacity SystemTests */,
			);
		};
/* End PBXProject section */

/* Begin PBXResourcesBuildPhase section */
		2D224604192EA5F500865C2B /* Resources */ = {
			isa = PBXResourcesBuildPhase;
			buildActionMask = 2147483647;
			files = (
				2D5592AA19874A3500975C9D /* VehicleCreatorViewController.xib in Resources */,
				2D54F669195CE3FF005C9B76 /* MACSLoad@2x.png in Resources */,
				2D224614192EA5F500865C2B /* InfoPlist.strings in Resources */,
				2D22461C192EA5F500865C2B /* Images.xcassets in Resources */,
				2D54F657195CBCCA005C9B76 /* moment_basic.png in Resources */,
				2DB02AD11971FEDC0011B577 /* SoilCreatorView.xib in Resources */,
				2DC37EE519311E28001AC4DF /* HeaderView.xib in Resources */,
				2D7AC800195B9B8E00755FEA /* CalculationDetailView.xib in Resources */,
			);
			runOnlyForDeploymentPostprocessing = 0;
		};
		2D22461F192EA5F500865C2B /* Resources */ = {
			isa = PBXResourcesBuildPhase;
			buildActionMask = 2147483647;
			files = (
				2D22462D192EA5F500865C2B /* InfoPlist.strings in Resources */,
			);
			runOnlyForDeploymentPostprocessing = 0;
		};
/* End PBXResourcesBuildPhase section */

/* Begin PBXSourcesBuildPhase section */
		2D224602192EA5F500865C2B /* Sources */ = {
			isa = PBXSourcesBuildPhase;
			buildActionMask = 2147483647;
			files = (
				2D22463F192EBFC600865C2B /* Soil.m in Sources */,
				2D224645192EC2E100865C2B /* Calculation.m in Sources */,
				2DD63CF019302B5200C27F12 /* ItemsViewController.m in Sources */,
				2D22461A192EA5F500865C2B /* AppDelegate.m in Sources */,
				2DD63CF319302D8200C27F12 /* CalculationItemStore.m in Sources */,
				2D224616192EA5F500865C2B /* main.m in Sources */,
				2D224642192EC14000865C2B /* Vehicle.m in Sources */,
				2DB1795F195A1FB100F7DDFD /* SoilCreatorViewController.m in Sources */,
				2D5592A919874A3500975C9D /* VehicleCreatorViewController.m in Sources */,
				2D0FE75F1932FF36001CCCF0 /* CalculationDetailViewController.m in Sources */,
			);
			runOnlyForDeploymentPostprocessing = 0;
		};
		2D22461D192EA5F500865C2B /* Sources */ = {
			isa = PBXSourcesBuildPhase;
			buildActionMask = 2147483647;
			files = (
				2D22462F192EA5F500865C2B /* Mobile_Anchor_Capacity_SystemTests.m in Sources */,
			);
			runOnlyForDeploymentPostprocessing = 0;
		};
/* End PBXSourcesBuildPhase section */

/* Begin PBXTargetDependency section */
		2D224627192EA5F500865C2B /* PBXTargetDependency */ = {
			isa = PBXTargetDependency;
			target = 2D224605192EA5F500865C2B /* Mobile Anchor Capacity System */;
			targetProxy = 2D224626192EA5F500865C2B /* PBXContainerItemProxy */;
		};
/* End PBXTargetDependency section */

/* Begin PBXVariantGroup section */
		2D224612192EA5F500865C2B /* InfoPlist.strings */ = {
			isa = PBXVariantGroup;
			children = (
				2D224613192EA5F500865C2B /* en */,
			);
			name = InfoPlist.strings;
			sourceTree = "<group>";
		};
		2D22462B192EA5F500865C2B /* InfoPlist.strings */ = {
			isa = PBXVariantGroup;
			children = (
				2D22462C192EA5F500865C2B /* en */,
			);
			name = InfoPlist.strings;
			sourceTree = "<group>";
		};
/* End PBXVariantGroup section */

/* Begin XCBuildConfiguration section */
		2D224630192EA5F500865C2B /* Debug */ = {
			isa = XCBuildConfiguration;
			buildSettings = {
				ALWAYS_SEARCH_USER_PATHS = NO;
				CLANG_CXX_LANGUAGE_STANDARD = "gnu++0x";
				CLANG_CXX_LIBRARY = "libc++";
				CLANG_ENABLE_MODULES = YES;
				CLANG_ENABLE_OBJC_ARC = YES;
				CLANG_WARN_BOOL_CONVERSION = YES;
				CLANG_WARN_CONSTANT_CONVERSION = YES;
				CLANG_WARN_DIRECT_OBJC_ISA_USAGE = YES_ERROR;
				CLANG_WARN_EMPTY_BODY = YES;
				CLANG_WARN_ENUM_CONVERSION = YES;
				CLANG_WARN_INT_CONVERSION = YES;
				CLANG_WARN_OBJC_ROOT_CLASS = YES_ERROR;
				CLANG_WARN__DUPLICATE_METHOD_MATCH = YES;
				"CODE_SIGN_IDENTITY[sdk=iphoneos*]" = "iPhone Developer";
				COPY_PHASE_STRIP = NO;
				GCC_C_LANGUAGE_STANDARD = gnu99;
				GCC_DYNAMIC_NO_PIC = NO;
				GCC_OPTIMIZATION_LEVEL = 0;
				GCC_PREPROCESSOR_DEFINITIONS = (
					"DEBUG=1",
					"$(inherited)",
				);
				GCC_SYMBOLS_PRIVATE_EXTERN = NO;
				GCC_WARN_64_TO_32_BIT_CONVERSION = YES;
				GCC_WARN_ABOUT_RETURN_TYPE = YES_ERROR;
				GCC_WARN_UNDECLARED_SELECTOR = YES;
				GCC_WARN_UNINITIALIZED_AUTOS = YES_AGGRESSIVE;
				GCC_WARN_UNUSED_FUNCTION = YES;
				GCC_WARN_UNUSED_VARIABLE = YES;
				IPHONEOS_DEPLOYMENT_TARGET = 7.1;
				ONLY_ACTIVE_ARCH = YES;
				SDKROOT = iphoneos;
				TARGETED_DEVICE_FAMILY = 1;
			};
			name = Debug;
		};
		2D224631192EA5F500865C2B /* Release */ = {
			isa = XCBuildConfiguration;
			buildSettings = {
				ALWAYS_SEARCH_USER_PATHS = NO;
				CLANG_CXX_LANGUAGE_STANDARD = "gnu++0x";
				CLANG_CXX_LIBRARY = "libc++";
				CLANG_ENABLE_MODULES = YES;
				CLANG_ENABLE_OBJC_ARC = YES;
				CLANG_WARN_BOOL_CONVERSION = YES;
				CLANG_WARN_CONSTANT_CONVERSION = YES;
				CLANG_WARN_DIRECT_OBJC_ISA_USAGE = YES_ERROR;
				CLANG_WARN_EMPTY_BODY = YES;
				CLANG_WARN_ENUM_CONVERSION = YES;
				CLANG_WARN_INT_CONVERSION = YES;
				CLANG_WARN_OBJC_ROOT_CLASS = YES_ERROR;
				CLANG_WARN__DUPLICATE_METHOD_MATCH = YES;
				"CODE_SIGN_IDENTITY[sdk=iphoneos*]" = "iPhone Developer";
				COPY_PHASE_STRIP = YES;
				ENABLE_NS_ASSERTIONS = NO;
				GCC_C_LANGUAGE_STANDARD = gnu99;
				GCC_WARN_64_TO_32_BIT_CONVERSION = YES;
				GCC_WARN_ABOUT_RETURN_TYPE = YES_ERROR;
				GCC_WARN_UNDECLARED_SELECTOR = YES;
				GCC_WARN_UNINITIALIZED_AUTOS = YES_AGGRESSIVE;
				GCC_WARN_UNUSED_FUNCTION = YES;
				GCC_WARN_UNUSED_VARIABLE = YES;
				IPHONEOS_DEPLOYMENT_TARGET = 7.1;
				SDKROOT = iphoneos;
				TARGETED_DEVICE_FAMILY = 1;
				VALIDATE_PRODUCT = YES;
			};
			name = Release;
		};
		2D224633192EA5F500865C2B /* Debug */ = {
			isa = XCBuildConfiguration;
			buildSettings = {
				ASSETCATALOG_COMPILER_APPICON_NAME = AppIcon;
				ASSETCATALOG_COMPILER_LAUNCHIMAGE_NAME = LaunchImage;
				GCC_PRECOMPILE_PREFIX_HEADER = YES;
				GCC_PREFIX_HEADER = "Mobile Anchor Capacity System/Mobile Anchor Capacity System-Prefix.pch";
				INFOPLIST_FILE = "Mobile Anchor Capacity System/Mobile Anchor Capacity System-Info.plist";
				PRODUCT_NAME = "$(TARGET_NAME)";
				TARGETED_DEVICE_FAMILY = 1;
				WRAPPER_EXTENSION = app;
			};
			name = Debug;
		};
		2D224634192EA5F500865C2B /* Release */ = {
			isa = XCBuildConfiguration;
			buildSettings = {
				ASSETCATALOG_COMPILER_APPICON_NAME = AppIcon;
				ASSETCATALOG_COMPILER_LAUNCHIMAGE_NAME = LaunchImage;
				GCC_PRECOMPILE_PREFIX_HEADER = YES;
				GCC_PREFIX_HEADER = "Mobile Anchor Capacity System/Mobile Anchor Capacity System-Prefix.pch";
				INFOPLIST_FILE = "Mobile Anchor Capacity System/Mobile Anchor Capacity System-Info.plist";
				PRODUCT_NAME = "$(TARGET_NAME)";
				TARGETED_DEVICE_FAMILY = 1;
				WRAPPER_EXTENSION = app;
			};
			name = Release;
		};
		2D224636192EA5F500865C2B /* Debug */ = {
			isa = XCBuildConfiguration;
			buildSettings = {
				BUNDLE_LOADER = "$(BUILT_PRODUCTS_DIR)/Mobile Anchor Capacity System.app/Mobile Anchor Capacity System";
				FRAMEWORK_SEARCH_PATHS = (
					"$(SDKROOT)/Developer/Library/Frameworks",
					"$(inherited)",
					"$(DEVELOPER_FRAMEWORKS_DIR)",
				);
				GCC_PRECOMPILE_PREFIX_HEADER = YES;
				GCC_PREFIX_HEADER = "Mobile Anchor Capacity System/Mobile Anchor Capacity System-Prefix.pch";
				GCC_PREPROCESSOR_DEFINITIONS = (
					"DEBUG=1",
					"$(inherited)",
				);
				INFOPLIST_FILE = "Mobile Anchor Capacity SystemTests/Mobile Anchor Capacity SystemTests-Info.plist";
				PRODUCT_NAME = "$(TARGET_NAME)";
				TEST_HOST = "$(BUNDLE_LOADER)";
				WRAPPER_EXTENSION = xctest;
			};
			name = Debug;
		};
		2D224637192EA5F500865C2B /* Release */ = {
			isa = XCBuildConfiguration;
			buildSettings = {
				BUNDLE_LOADER = "$(BUILT_PRODUCTS_DIR)/Mobile Anchor Capacity System.app/Mobile Anchor Capacity System";
				FRAMEWORK_SEARCH_PATHS = (
					"$(SDKROOT)/Developer/Library/Frameworks",
					"$(inherited)",
					"$(DEVELOPER_FRAMEWORKS_DIR)",
				);
				GCC_PRECOMPILE_PREFIX_HEADER = YES;
				GCC_PREFIX_HEADER = "Mobile Anchor Capacity System/Mobile Anchor Capacity System-Prefix.pch";
				INFOPLIST_FILE = "Mobile Anchor Capacity SystemTests/Mobile Anchor Capacity SystemTests-Info.plist";
				PRODUCT_NAME = "$(TARGET_NAME)";
				TEST_HOST = "$(BUNDLE_LOADER)";
				WRAPPER_EXTENSION = xctest;
			};
			name = Release;
		};
/* End XCBuildConfiguration section */

/* Begin XCConfigurationList section */
		2D224601192EA5F500865C2B /* Build configuration list for PBXProject "Mobile Anchor Capacity System" */ = {
			isa = XCConfigurationList;
			buildConfigurations = (
				2D224630192EA5F500865C2B /* Debug */,
				2D224631192EA5F500865C2B /* Release */,
			);
			defaultConfigurationIsVisible = 0;
			defaultConfigurationName = Release;
		};
		2D224632192EA5F500865C2B /* Build configuration list for PBXNativeTarget "Mobile Anchor Capacity System" */ = {
			isa = XCConfigurationList;
			buildConfigurations = (
				2D224633192EA5F500865C2B /* Debug */,
				2D224634192EA5F500865C2B /* Release */,
			);
			defaultConfigurationIsVisible = 0;
			defaultConfigurationName = Release;
		};
		2D224635192EA5F500865C2B /* Build configuration list for PBXNativeTarget "Mobile Anchor Capacity SystemTests" */ = {
			isa = XCConfigurationList;
			buildConfigurations = (
				2D224636192EA5F500865C2B /* Debug */,
				2D224637192EA5F500865C2B /* Release */,
			);
			defaultConfigurationIsVisible = 0;
			defaultConfigurationName = Release;
		};
/* End XCConfigurationList section */
	};
	rootObject = 2D2245FE192EA5F500865C2B /* Project object */;
}
